
Microsoft Visual Studio Solution File, Format Version 12.00
# Visual Studio Version 16
VisualStudioVersion = 16.0.30907.101
MinimumVisualStudioVersion = 10.0.40219.1
Project("{9A19103F-16F7-4668-BE54-9A1E7A4F7556}") = "POC.Api", "POC.Api\POC.Api.csproj", "{332D9F7D-DF9E-484D-ADBE-1506C5E58A8E}"
EndProject
Project("{2150E333-8FDC-42A3-9474-1A3956D46DE8}") = "src", "src", "{DA7E4057-816E-4F65-8797-A479A9486874}"
EndProject
Project("{2150E333-8FDC-42A3-9474-1A3956D46DE8}") = "API", "API", "{D705EA63-CC75-4EA8-B530-4EF3A17F1B04}"
EndProject
Project("{2150E333-8FDC-42A3-9474-1A3956D46DE8}") = "Core", "Core", "{71CD0670-8A84-45B3-872B-78786C39EF42}"
EndProject
Project("{2150E333-8FDC-42A3-9474-1A3956D46DE8}") = "Infrastructure", "Infrastructure", "{62C17CB4-9356-426D-AC05-397AE4D20585}"
EndProject
Project("{9A19103F-16F7-4668-BE54-9A1E7A4F7556}") = "POC.Application", "POC.Application\POC.Application.csproj", "{8A2C974A-D5C8-4361-AB9E-D247C46E385E}"
EndProject
Project("{9A19103F-16F7-4668-BE54-9A1E7A4F7556}") = "POC.Domain", "POC.Domain\POC.Domain.csproj", "{E67F3167-8767-4AF8-AD9E-0C60B05D88D2}"
EndProject
Project("{9A19103F-16F7-4668-BE54-9A1E7A4F7556}") = "POC.Utility", "POC.Utility\POC.Utility.csproj", "{D4F16609-F215-4D41-A641-38C49FB666FE}"
EndProject
Project("{9A19103F-16F7-4668-BE54-9A1E7A4F7556}") = "POC.Persistence", "POC.Persistence\POC.Persistence.csproj", "{0F237BB3-828A-45AF-998E-4CEEDC682D75}"
EndProject
Project("{9A19103F-16F7-4668-BE54-9A1E7A4F7556}") = "POC.Infrastructure", "POC.Infrastructure\POC.Infrastructure.csproj", "{9B395826-B910-4CB2-9E15-39BA1C621F15}"
EndProject
Project("{9A19103F-16F7-4668-BE54-9A1E7A4F7556}") = "StarGarments", "StarGarments\StarGarments.csproj", "{89A28029-337C-4B0B-B50D-6E2189BBE753}"
EndProject
Project("{9A19103F-16F7-4668-BE54-9A1E7A4F7556}") = "StarGarments.Service", "StarGarments.Service\StarGarments.Service.csproj", "{5A7B6D1A-1F8A-400C-A59F-B0A6E87D3B14}"
EndProject
Global
	GlobalSection(SolutionConfigurationPlatforms) = preSolution
		Debug|Any CPU = Debug|Any CPU
		Release|Any CPU = Release|Any CPU
	EndGlobalSection
	GlobalSection(ProjectConfigurationPlatforms) = postSolution
		{332D9F7D-DF9E-484D-ADBE-1506C5E58A8E}.Debug|Any CPU.ActiveCfg = Debug|Any CPU
		{332D9F7D-DF9E-484D-ADBE-1506C5E58A8E}.Debug|Any CPU.Build.0 = Debug|Any CPU
		{332D9F7D-DF9E-484D-ADBE-1506C5E58A8E}.Release|Any CPU.ActiveCfg = Release|Any CPU
		{332D9F7D-DF9E-484D-ADBE-1506C5E58A8E}.Release|Any CPU.Build.0 = Release|Any CPU
		{8A2C974A-D5C8-4361-AB9E-D247C46E385E}.Debug|Any CPU.ActiveCfg = Debug|Any CPU
		{8A2C974A-D5C8-4361-AB9E-D247C46E385E}.Debug|Any CPU.Build.0 = Debug|Any CPU
		{8A2C974A-D5C8-4361-AB9E-D247C46E385E}.Release|Any CPU.ActiveCfg = Release|Any CPU
		{8A2C974A-D5C8-4361-AB9E-D247C46E385E}.Release|Any CPU.Build.0 = Release|Any CPU
		{E67F3167-8767-4AF8-AD9E-0C60B05D88D2}.Debug|Any CPU.ActiveCfg = Debug|Any CPU
		{E67F3167-8767-4AF8-AD9E-0C60B05D88D2}.Debug|Any CPU.Build.0 = Debug|Any CPU
		{E67F3167-8767-4AF8-AD9E-0C60B05D88D2}.Release|Any CPU.ActiveCfg = Release|Any CPU
		{E67F3167-8767-4AF8-AD9E-0C60B05D88D2}.Release|Any CPU.Build.0 = Release|Any CPU
		{D4F16609-F215-4D41-A641-38C49FB666FE}.Debug|Any CPU.ActiveCfg = Debug|Any CPU
		{D4F16609-F215-4D41-A641-38C49FB666FE}.Debug|Any CPU.Build.0 = Debug|Any CPU
		{D4F16609-F215-4D41-A641-38C49FB666FE}.Release|Any CPU.ActiveCfg = Release|Any CPU
		{D4F16609-F215-4D41-A641-38C49FB666FE}.Release|Any CPU.Build.0 = Release|Any CPU
		{0F237BB3-828A-45AF-998E-4CEEDC682D75}.Debug|Any CPU.ActiveCfg = Debug|Any CPU
		{0F237BB3-828A-45AF-998E-4CEEDC682D75}.Debug|Any CPU.Build.0 = Debug|Any CPU
		{0F237BB3-828A-45AF-998E-4CEEDC682D75}.Release|Any CPU.ActiveCfg = Release|Any CPU
		{0F237BB3-828A-45AF-998E-4CEEDC682D75}.Release|Any CPU.Build.0 = Release|Any CPU
		{9B395826-B910-4CB2-9E15-39BA1C621F15}.Debug|Any CPU.ActiveCfg = Debug|Any CPU
		{9B395826-B910-4CB2-9E15-39BA1C621F15}.Debug|Any CPU.Build.0 = Debug|Any CPU
		{9B395826-B910-4CB2-9E15-39BA1C621F15}.Release|Any CPU.ActiveCfg = Release|Any CPU
		{9B395826-B910-4CB2-9E15-39BA1C621F15}.Release|Any CPU.Build.0 = Release|Any CPU
		{89A28029-337C-4B0B-B50D-6E2189BBE753}.Debug|Any CPU.ActiveCfg = Debug|Any CPU
		{89A28029-337C-4B0B-B50D-6E2189BBE753}.Debug|Any CPU.Build.0 = Debug|Any CPU
		{89A28029-337C-4B0B-B50D-6E2189BBE753}.Release|Any CPU.ActiveCfg = Release|Any CPU
		{89A28029-337C-4B0B-B50D-6E2189BBE753}.Release|Any CPU.Build.0 = Release|Any CPU
		{5A7B6D1A-1F8A-400C-A59F-B0A6E87D3B14}.Debug|Any CPU.ActiveCfg = Debug|Any CPU
		{5A7B6D1A-1F8A-400C-A59F-B0A6E87D3B14}.Debug|Any CPU.Build.0 = Debug|Any CPU
		{5A7B6D1A-1F8A-400C-A59F-B0A6E87D3B14}.Release|Any CPU.ActiveCfg = Release|Any CPU
		{5A7B6D1A-1F8A-400C-A59F-B0A6E87D3B14}.Release|Any CPU.Build.0 = Release|Any CPU
	EndGlobalSection
	GlobalSection(SolutionProperties) = preSolution
		HideSolutionNode = FALSE
	EndGlobalSection
	GlobalSection(NestedProjects) = preSolution
		{332D9F7D-DF9E-484D-ADBE-1506C5E58A8E} = {D705EA63-CC75-4EA8-B530-4EF3A17F1B04}
		{D705EA63-CC75-4EA8-B530-4EF3A17F1B04} = {DA7E4057-816E-4F65-8797-A479A9486874}
		{71CD0670-8A84-45B3-872B-78786C39EF42} = {DA7E4057-816E-4F65-8797-A479A9486874}
		{62C17CB4-9356-426D-AC05-397AE4D20585} = {DA7E4057-816E-4F65-8797-A479A9486874}
		{8A2C974A-D5C8-4361-AB9E-D247C46E385E} = {71CD0670-8A84-45B3-872B-78786C39EF42}
		{E67F3167-8767-4AF8-AD9E-0C60B05D88D2} = {71CD0670-8A84-45B3-872B-78786C39EF42}
		{D4F16609-F215-4D41-A641-38C49FB666FE} = {71CD0670-8A84-45B3-872B-78786C39EF42}
		{0F237BB3-828A-45AF-998E-4CEEDC682D75} = {62C17CB4-9356-426D-AC05-397AE4D20585}
		{9B395826-B910-4CB2-9E15-39BA1C621F15} = {62C17CB4-9356-426D-AC05-397AE4D20585}
	EndGlobalSection
	GlobalSection(ExtensibilityGlobals) = postSolution
		SolutionGuid = {9726FBA2-32C5-447E-8146-8B47161A4E2C}
	EndGlobalSection
EndGlobal
