
Microsoft Visual Studio Solution File, Format Version 12.00
# Visual Studio Version 16
VisualStudioVersion = 16.0.31019.35
MinimumVisualStudioVersion = 10.0.40219.1
Project("{9A19103F-16F7-4668-BE54-9A1E7A4F7556}") = "CreateTemplate", "CQRS Templates\POC.ItemTemplates\CreateTemplate\CreateTemplate.csproj", "{05A18977-FD05-4F0D-BE22-09C2ABECD861}"
EndProject
Project("{2150E333-8FDC-42A3-9474-1A3956D46DE8}") = "CQRS", "CQRS", "{C00EBD7B-FDF5-4593-B13E-7CE8B79C26BC}"
EndProject
Project("{9A19103F-16F7-4668-BE54-9A1E7A4F7556}") = "UpdateTemplate", "CQRS Templates\POC.ItemTemplates\UpdateTemplate\UpdateTemplate.csproj", "{8CFD224C-0232-4051-AE86-F69290B77325}"
EndProject
Project("{9A19103F-16F7-4668-BE54-9A1E7A4F7556}") = "DeleteCommand", "CQRS Templates\POC.ItemTemplates\DeleteCommand\DeleteCommand.csproj", "{15E288BF-2A20-46DC-BC33-AEAA68EDABC0}"
EndProject
Project("{2150E333-8FDC-42A3-9474-1A3956D46DE8}") = "Command", "Command", "{DD48DCBB-4438-4298-9552-7394D9BF99DF}"
EndProject
Project("{2150E333-8FDC-42A3-9474-1A3956D46DE8}") = "Queries", "Queries", "{1153BAA1-F7E5-461C-BAF2-862D247E4A7D}"
EndProject
Project("{FAE04EC0-301F-11D3-BF4B-00C04F79EFBC}") = "DetailQueryTemplate", "CQRS Templates\POC.ItemTemplates\DetailQueryTemplate\DetailQueryTemplate.csproj", "{9D41C241-08D7-40B3-97DD-F95226078455}"
EndProject
Project("{FAE04EC0-301F-11D3-BF4B-00C04F79EFBC}") = "ListQueryTemplate", "CQRS Templates\POC.ItemTemplates\ListQueryTemplate\ListQueryTemplate.csproj", "{3DF3EEBF-14FB-4DAB-95EC-302F20FFD9DF}"
EndProject
Global
	GlobalSection(SolutionConfigurationPlatforms) = preSolution
		Debug|Any CPU = Debug|Any CPU
		Release|Any CPU = Release|Any CPU
	EndGlobalSection
	GlobalSection(ProjectConfigurationPlatforms) = postSolution
		{05A18977-FD05-4F0D-BE22-09C2ABECD861}.Debug|Any CPU.ActiveCfg = Debug|Any CPU
		{05A18977-FD05-4F0D-BE22-09C2ABECD861}.Debug|Any CPU.Build.0 = Debug|Any CPU
		{05A18977-FD05-4F0D-BE22-09C2ABECD861}.Release|Any CPU.ActiveCfg = Release|Any CPU
		{05A18977-FD05-4F0D-BE22-09C2ABECD861}.Release|Any CPU.Build.0 = Release|Any CPU
		{8CFD224C-0232-4051-AE86-F69290B77325}.Debug|Any CPU.ActiveCfg = Debug|Any CPU
		{8CFD224C-0232-4051-AE86-F69290B77325}.Debug|Any CPU.Build.0 = Debug|Any CPU
		{8CFD224C-0232-4051-AE86-F69290B77325}.Release|Any CPU.ActiveCfg = Release|Any CPU
		{8CFD224C-0232-4051-AE86-F69290B77325}.Release|Any CPU.Build.0 = Release|Any CPU
		{15E288BF-2A20-46DC-BC33-AEAA68EDABC0}.Debug|Any CPU.ActiveCfg = Debug|Any CPU
		{15E288BF-2A20-46DC-BC33-AEAA68EDABC0}.Debug|Any CPU.Build.0 = Debug|Any CPU
		{15E288BF-2A20-46DC-BC33-AEAA68EDABC0}.Release|Any CPU.ActiveCfg = Release|Any CPU
		{15E288BF-2A20-46DC-BC33-AEAA68EDABC0}.Release|Any CPU.Build.0 = Release|Any CPU
		{9D41C241-08D7-40B3-97DD-F95226078455}.Debug|Any CPU.ActiveCfg = Debug|Any CPU
		{9D41C241-08D7-40B3-97DD-F95226078455}.Debug|Any CPU.Build.0 = Debug|Any CPU
		{9D41C241-08D7-40B3-97DD-F95226078455}.Release|Any CPU.ActiveCfg = Release|Any CPU
		{9D41C241-08D7-40B3-97DD-F95226078455}.Release|Any CPU.Build.0 = Release|Any CPU
		{3DF3EEBF-14FB-4DAB-95EC-302F20FFD9DF}.Debug|Any CPU.ActiveCfg = Debug|Any CPU
		{3DF3EEBF-14FB-4DAB-95EC-302F20FFD9DF}.Debug|Any CPU.Build.0 = Debug|Any CPU
		{3DF3EEBF-14FB-4DAB-95EC-302F20FFD9DF}.Release|Any CPU.ActiveCfg = Release|Any CPU
		{3DF3EEBF-14FB-4DAB-95EC-302F20FFD9DF}.Release|Any CPU.Build.0 = Release|Any CPU
	EndGlobalSection
	GlobalSection(SolutionProperties) = preSolution
		HideSolutionNode = FALSE
	EndGlobalSection
	GlobalSection(NestedProjects) = preSolution
		{05A18977-FD05-4F0D-BE22-09C2ABECD861} = {DD48DCBB-4438-4298-9552-7394D9BF99DF}
		{8CFD224C-0232-4051-AE86-F69290B77325} = {DD48DCBB-4438-4298-9552-7394D9BF99DF}
		{15E288BF-2A20-46DC-BC33-AEAA68EDABC0} = {DD48DCBB-4438-4298-9552-7394D9BF99DF}
		{DD48DCBB-4438-4298-9552-7394D9BF99DF} = {C00EBD7B-FDF5-4593-B13E-7CE8B79C26BC}
		{1153BAA1-F7E5-461C-BAF2-862D247E4A7D} = {C00EBD7B-FDF5-4593-B13E-7CE8B79C26BC}
		{9D41C241-08D7-40B3-97DD-F95226078455} = {1153BAA1-F7E5-461C-BAF2-862D247E4A7D}
		{3DF3EEBF-14FB-4DAB-95EC-302F20FFD9DF} = {1153BAA1-F7E5-461C-BAF2-862D247E4A7D}
	EndGlobalSection
	GlobalSection(ExtensibilityGlobals) = postSolution
		SolutionGuid = {5A29EFED-5C5E-4FDF-AF10-EB1DB38D3073}
	EndGlobalSection
EndGlobal
